// !$*UTF8*$!
{
	archiveVersion = 1;
	classes = {
	};
	objectVersion = 46;
	objects = {

/* Begin PBXBuildFile section */
		F469444C1E5BD27400AA9F2E /* LoginController.swift in Sources */ = {isa = PBXBuildFile; fileRef = F469444B1E5BD27400AA9F2E /* LoginController.swift */; };
		F46944501E5BED1B00AA9F2E /* CadastroController.swift in Sources */ = {isa = PBXBuildFile; fileRef = F469444F1E5BED1B00AA9F2E /* CadastroController.swift */; };
		F46944531E5D283200AA9F2E /* UsuarioService.swift in Sources */ = {isa = PBXBuildFile; fileRef = F46944521E5D283200AA9F2E /* UsuarioService.swift */; };
		F46944551E5D2BC900AA9F2E /* ServiceConfig.swift in Sources */ = {isa = PBXBuildFile; fileRef = F46944541E5D2BC900AA9F2E /* ServiceConfig.swift */; };
		F46944581E5D2F0400AA9F2E /* Usuario.swift in Sources */ = {isa = PBXBuildFile; fileRef = F46944571E5D2F0400AA9F2E /* Usuario.swift */; };
		F48150C21E621AE200CEE75B /* Mensagens.storyboard in Resources */ = {isa = PBXBuildFile; fileRef = F48150C11E621AE200CEE75B /* Mensagens.storyboard */; };
		F48150C41E621FBF00CEE75B /* ic_keyboard_arrow_left.imageset in Resources */ = {isa = PBXBuildFile; fileRef = F48150C31E621FBF00CEE75B /* ic_keyboard_arrow_left.imageset */; };
		F48150C61E62211A00CEE75B /* Agendamentos.storyboard in Resources */ = {isa = PBXBuildFile; fileRef = F48150C51E62211A00CEE75B /* Agendamentos.storyboard */; };
		F48150C81E62241B00CEE75B /* Produtos.storyboard in Resources */ = {isa = PBXBuildFile; fileRef = F48150C71E62241B00CEE75B /* Produtos.storyboard */; };
		F48150CA1E62254300CEE75B /* Orcamentos.storyboard in Resources */ = {isa = PBXBuildFile; fileRef = F48150C91E62254300CEE75B /* Orcamentos.storyboard */; };
		F48150CC1E62269100CEE75B /* Informacao.storyboard in Resources */ = {isa = PBXBuildFile; fileRef = F48150CB1E62269100CEE75B /* Informacao.storyboard */; };
		F48150CE1E62281800CEE75B /* Carrinho.storyboard in Resources */ = {isa = PBXBuildFile; fileRef = F48150CD1E62281800CEE75B /* Carrinho.storyboard */; };
		F48150D01E62F85A00CEE75B /* ic_keyboard_arrow_down.imageset in Resources */ = {isa = PBXBuildFile; fileRef = F48150CF1E62F85A00CEE75B /* ic_keyboard_arrow_down.imageset */; };
		F48150D21E62FF1B00CEE75B /* MensagensController.swift in Sources */ = {isa = PBXBuildFile; fileRef = F48150D11E62FF1B00CEE75B /* MensagensController.swift */; };
		F48150D41E62FF5B00CEE75B /* MensagensService.swift in Sources */ = {isa = PBXBuildFile; fileRef = F48150D31E62FF5B00CEE75B /* MensagensService.swift */; };
		F48150DA1E63042E00CEE75B /* MensagemCellTableViewCell.swift in Sources */ = {isa = PBXBuildFile; fileRef = F48150D81E63042E00CEE75B /* MensagemCellTableViewCell.swift */; };
		F48150DB1E63042E00CEE75B /* MensagemCellTableViewCell.xib in Resources */ = {isa = PBXBuildFile; fileRef = F48150D91E63042E00CEE75B /* MensagemCellTableViewCell.xib */; };
		F48150DD1E6314AB00CEE75B /* Mensagem.swift in Sources */ = {isa = PBXBuildFile; fileRef = F48150DC1E6314AB00CEE75B /* Mensagem.swift */; };
		F49B475D1E61C0D400D207AE /* Image.xcassets in Resources */ = {isa = PBXBuildFile; fileRef = F49B475C1E61C0D400D207AE /* Image.xcassets */; };
		F4B4593F1E5FCB130059C247 /* ic_check_circle.imageset in Resources */ = {isa = PBXBuildFile; fileRef = F4B4593E1E5FCB130059C247 /* ic_check_circle.imageset */; };
		F4D701491E6116E7006C47AB /* LoginService.swift in Sources */ = {isa = PBXBuildFile; fileRef = F4D701481E6116E7006C47AB /* LoginService.swift */; };
		F4D7014B1E611ECC006C47AB /* Principal.storyboard in Resources */ = {isa = PBXBuildFile; fileRef = F4D7014A1E611ECC006C47AB /* Principal.storyboard */; };
		F4D7014D1E611F97006C47AB /* PrincipalController.swift in Sources */ = {isa = PBXBuildFile; fileRef = F4D7014C1E611F97006C47AB /* PrincipalController.swift */; };
		F4D7014F1E6123C0006C47AB /* ic_shopping_cart.imageset in Resources */ = {isa = PBXBuildFile; fileRef = F4D7014E1E6123C0006C47AB /* ic_shopping_cart.imageset */; };
		F4D701511E6126A6006C47AB /* ic_menu.imageset in Resources */ = {isa = PBXBuildFile; fileRef = F4D701501E6126A6006C47AB /* ic_menu.imageset */; };
		F4D701531E6128DA006C47AB /* DrawerMenu.storyboard in Resources */ = {isa = PBXBuildFile; fileRef = F4D701521E6128DA006C47AB /* DrawerMenu.storyboard */; };
		F4D701571E6129DF006C47AB /* ic_close.imageset in Resources */ = {isa = PBXBuildFile; fileRef = F4D701561E6129DF006C47AB /* ic_close.imageset */; };
		F4D701591E612D14006C47AB /* DrawerMenuController.swift in Sources */ = {isa = PBXBuildFile; fileRef = F4D701581E612D14006C47AB /* DrawerMenuController.swift */; };
		F4F2A35D1E5BCD54009C1167 /* AppDelegate.swift in Sources */ = {isa = PBXBuildFile; fileRef = F4F2A35C1E5BCD54009C1167 /* AppDelegate.swift */; };
		F4F2A3641E5BCD54009C1167 /* Main.storyboard in Resources */ = {isa = PBXBuildFile; fileRef = F4F2A3621E5BCD54009C1167 /* Main.storyboard */; };
		F4F2A3691E5BCD54009C1167 /* LaunchScreen.storyboard in Resources */ = {isa = PBXBuildFile; fileRef = F4F2A3671E5BCD54009C1167 /* LaunchScreen.storyboard */; };
		F4FC549E1E61B28A00E1ED42 /* ic_message.imageset in Resources */ = {isa = PBXBuildFile; fileRef = F4FC549D1E61B28A00E1ED42 /* ic_message.imageset */; };
		F4FC54A11E61BF8000E1ED42 /* ic_info_outline.imageset in Resources */ = {isa = PBXBuildFile; fileRef = F4FC54A01E61BF8000E1ED42 /* ic_info_outline.imageset */; };
/* End PBXBuildFile section */

/* Begin PBXFileReference section */
		F469444B1E5BD27400AA9F2E /* LoginController.swift */ = {isa = PBXFileReference; fileEncoding = 4; lastKnownFileType = sourcecode.swift; path = LoginController.swift; sourceTree = "<group>"; };
		F469444F1E5BED1B00AA9F2E /* CadastroController.swift */ = {isa = PBXFileReference; fileEncoding = 4; lastKnownFileType = sourcecode.swift; path = CadastroController.swift; sourceTree = "<group>"; };
		F46944521E5D283200AA9F2E /* UsuarioService.swift */ = {isa = PBXFileReference; fileEncoding = 4; lastKnownFileType = sourcecode.swift; path = UsuarioService.swift; sourceTree = "<group>"; };
		F46944541E5D2BC900AA9F2E /* ServiceConfig.swift */ = {isa = PBXFileReference; fileEncoding = 4; lastKnownFileType = sourcecode.swift; path = ServiceConfig.swift; sourceTree = "<group>"; };
		F46944571E5D2F0400AA9F2E /* Usuario.swift */ = {isa = PBXFileReference; fileEncoding = 4; lastKnownFileType = sourcecode.swift; path = Usuario.swift; sourceTree = "<group>"; };
		F48150C11E621AE200CEE75B /* Mensagens.storyboard */ = {isa = PBXFileReference; fileEncoding = 4; lastKnownFileType = file.storyboard; path = Mensagens.storyboard; sourceTree = "<group>"; };
		F48150C31E621FBF00CEE75B /* ic_keyboard_arrow_left.imageset */ = {isa = PBXFileReference; lastKnownFileType = folder; name = ic_keyboard_arrow_left.imageset; path = ic_check_circle.imageset/ic_keyboard_arrow_left.imageset; sourceTree = "<group>"; };
		F48150C51E62211A00CEE75B /* Agendamentos.storyboard */ = {isa = PBXFileReference; fileEncoding = 4; lastKnownFileType = file.storyboard; path = Agendamentos.storyboard; sourceTree = "<group>"; };
		F48150C71E62241B00CEE75B /* Produtos.storyboard */ = {isa = PBXFileReference; fileEncoding = 4; lastKnownFileType = file.storyboard; path = Produtos.storyboard; sourceTree = "<group>"; };
		F48150C91E62254300CEE75B /* Orcamentos.storyboard */ = {isa = PBXFileReference; fileEncoding = 4; lastKnownFileType = file.storyboard; path = Orcamentos.storyboard; sourceTree = "<group>"; };
		F48150CB1E62269100CEE75B /* Informacao.storyboard */ = {isa = PBXFileReference; fileEncoding = 4; lastKnownFileType = file.storyboard; path = Informacao.storyboard; sourceTree = "<group>"; };
		F48150CD1E62281800CEE75B /* Carrinho.storyboard */ = {isa = PBXFileReference; fileEncoding = 4; lastKnownFileType = file.storyboard; path = Carrinho.storyboard; sourceTree = "<group>"; };
		F48150CF1E62F85A00CEE75B /* ic_keyboard_arrow_down.imageset */ = {isa = PBXFileReference; lastKnownFileType = folder; path = ic_keyboard_arrow_down.imageset; sourceTree = "<group>"; };
		F48150D11E62FF1B00CEE75B /* MensagensController.swift */ = {isa = PBXFileReference; fileEncoding = 4; lastKnownFileType = sourcecode.swift; path = MensagensController.swift; sourceTree = "<group>"; };
		F48150D31E62FF5B00CEE75B /* MensagensService.swift */ = {isa = PBXFileReference; fileEncoding = 4; lastKnownFileType = sourcecode.swift; path = MensagensService.swift; sourceTree = "<group>"; };
		F48150D81E63042E00CEE75B /* MensagemCellTableViewCell.swift */ = {isa = PBXFileReference; fileEncoding = 4; lastKnownFileType = sourcecode.swift; path = MensagemCellTableViewCell.swift; sourceTree = "<group>"; };
		F48150D91E63042E00CEE75B /* MensagemCellTableViewCell.xib */ = {isa = PBXFileReference; fileEncoding = 4; lastKnownFileType = file.xib; path = MensagemCellTableViewCell.xib; sourceTree = "<group>"; };
		F48150DC1E6314AB00CEE75B /* Mensagem.swift */ = {isa = PBXFileReference; fileEncoding = 4; lastKnownFileType = sourcecode.swift; path = Mensagem.swift; sourceTree = "<group>"; };
		F49B475C1E61C0D400D207AE /* Image.xcassets */ = {isa = PBXFileReference; lastKnownFileType = folder.assetcatalog; path = Image.xcassets; sourceTree = "<group>"; };
		F4B4593E1E5FCB130059C247 /* ic_check_circle.imageset */ = {isa = PBXFileReference; lastKnownFileType = folder; path = ic_check_circle.imageset; sourceTree = "<group>"; };
		F4D701481E6116E7006C47AB /* LoginService.swift */ = {isa = PBXFileReference; fileEncoding = 4; lastKnownFileType = sourcecode.swift; path = LoginService.swift; sourceTree = "<group>"; };
		F4D7014A1E611ECC006C47AB /* Principal.storyboard */ = {isa = PBXFileReference; fileEncoding = 4; lastKnownFileType = file.storyboard; path = Principal.storyboard; sourceTree = "<group>"; };
		F4D7014C1E611F97006C47AB /* PrincipalController.swift */ = {isa = PBXFileReference; fileEncoding = 4; lastKnownFileType = sourcecode.swift; path = PrincipalController.swift; sourceTree = "<group>"; };
		F4D7014E1E6123C0006C47AB /* ic_shopping_cart.imageset */ = {isa = PBXFileReference; lastKnownFileType = folder; path = ic_shopping_cart.imageset; sourceTree = "<group>"; };
		F4D701501E6126A6006C47AB /* ic_menu.imageset */ = {isa = PBXFileReference; lastKnownFileType = folder; path = ic_menu.imageset; sourceTree = "<group>"; };
		F4D701521E6128DA006C47AB /* DrawerMenu.storyboard */ = {isa = PBXFileReference; fileEncoding = 4; lastKnownFileType = file.storyboard; path = DrawerMenu.storyboard; sourceTree = "<group>"; };
		F4D701561E6129DF006C47AB /* ic_close.imageset */ = {isa = PBXFileReference; lastKnownFileType = folder; path = ic_close.imageset; sourceTree = "<group>"; };
		F4D701581E612D14006C47AB /* DrawerMenuController.swift */ = {isa = PBXFileReference; fileEncoding = 4; lastKnownFileType = sourcecode.swift; path = DrawerMenuController.swift; sourceTree = "<group>"; };
		F4F2A3591E5BCD54009C1167 /* Beauty Clinic 2.0.app */ = {isa = PBXFileReference; explicitFileType = wrapper.application; includeInIndex = 0; path = "Beauty Clinic 2.0.app"; sourceTree = BUILT_PRODUCTS_DIR; };
		F4F2A35C1E5BCD54009C1167 /* AppDelegate.swift */ = {isa = PBXFileReference; lastKnownFileType = sourcecode.swift; path = AppDelegate.swift; sourceTree = "<group>"; };
		F4F2A3631E5BCD54009C1167 /* Base */ = {isa = PBXFileReference; lastKnownFileType = file.storyboard; name = Base; path = Base.lproj/Main.storyboard; sourceTree = "<group>"; };
		F4F2A3681E5BCD54009C1167 /* Base */ = {isa = PBXFileReference; lastKnownFileType = file.storyboard; name = Base; path = Base.lproj/LaunchScreen.storyboard; sourceTree = "<group>"; };
		F4F2A36A1E5BCD54009C1167 /* Info.plist */ = {isa = PBXFileReference; lastKnownFileType = text.plist.xml; path = Info.plist; sourceTree = "<group>"; };
		F4FC549D1E61B28A00E1ED42 /* ic_message.imageset */ = {isa = PBXFileReference; lastKnownFileType = folder; path = ic_message.imageset; sourceTree = "<group>"; };
		F4FC54A01E61BF8000E1ED42 /* ic_info_outline.imageset */ = {isa = PBXFileReference; lastKnownFileType = folder; path = ic_info_outline.imageset; sourceTree = "<group>"; };
/* End PBXFileReference section */

/* Begin PBXFrameworksBuildPhase section */
		F4F2A3561E5BCD54009C1167 /* Frameworks */ = {
			isa = PBXFrameworksBuildPhase;
			buildActionMask = 2147483647;
			files = (
			);
			runOnlyForDeploymentPostprocessing = 0;
		};
/* End PBXFrameworksBuildPhase section */

/* Begin PBXGroup section */
		F46944511E5D280C00AA9F2E /* Service */ = {
			isa = PBXGroup;
			children = (
				F46944521E5D283200AA9F2E /* UsuarioService.swift */,
				F46944541E5D2BC900AA9F2E /* ServiceConfig.swift */,
				F4D701481E6116E7006C47AB /* LoginService.swift */,
				F48150D31E62FF5B00CEE75B /* MensagensService.swift */,
			);
			name = Service;
			sourceTree = "<group>";
		};
		F46944561E5D2EF600AA9F2E /* Model */ = {
			isa = PBXGroup;
			children = (
				F46944571E5D2F0400AA9F2E /* Usuario.swift */,
				F48150DC1E6314AB00CEE75B /* Mensagem.swift */,
			);
			name = Model;
			sourceTree = "<group>";
		};
		F48150D51E63018300CEE75B /* Cell */ = {
			isa = PBXGroup;
			children = (
				F48150D81E63042E00CEE75B /* MensagemCellTableViewCell.swift */,
				F48150D91E63042E00CEE75B /* MensagemCellTableViewCell.xib */,
			);
			name = Cell;
			sourceTree = "<group>";
		};
		F4F2A3501E5BCD54009C1167 = {
			isa = PBXGroup;
			children = (
				F4F2A35B1E5BCD54009C1167 /* Beauty Clinic 2.0 */,
				F4F2A35A1E5BCD54009C1167 /* Products */,
			);
			sourceTree = "<group>";
		};
		F4F2A35A1E5BCD54009C1167 /* Products */ = {
			isa = PBXGroup;
			children = (
				F4F2A3591E5BCD54009C1167 /* Beauty Clinic 2.0.app */,
			);
			name = Products;
			sourceTree = "<group>";
		};
		F4F2A35B1E5BCD54009C1167 /* Beauty Clinic 2.0 */ = {
			isa = PBXGroup;
			children = (
				F48150D51E63018300CEE75B /* Cell */,
				F46944561E5D2EF600AA9F2E /* Model */,
				F46944511E5D280C00AA9F2E /* Service */,
				F4F2A3711E5BCDB5009C1167 /* Controller */,
				F4F2A3701E5BCDAE009C1167 /* View */,
				F48150C31E621FBF00CEE75B /* ic_keyboard_arrow_left.imageset */,
				F4FC54A01E61BF8000E1ED42 /* ic_info_outline.imageset */,
				F4FC549D1E61B28A00E1ED42 /* ic_message.imageset */,
				F4D701561E6129DF006C47AB /* ic_close.imageset */,
				F4D701501E6126A6006C47AB /* ic_menu.imageset */,
				F48150CF1E62F85A00CEE75B /* ic_keyboard_arrow_down.imageset */,
				F4D7014E1E6123C0006C47AB /* ic_shopping_cart.imageset */,
				F4B4593E1E5FCB130059C247 /* ic_check_circle.imageset */,
				F4F2A36A1E5BCD54009C1167 /* Info.plist */,
				F49B475C1E61C0D400D207AE /* Image.xcassets */,
			);
			path = "Beauty Clinic 2.0";
			sourceTree = "<group>";
		};
		F4F2A3701E5BCDAE009C1167 /* View */ = {
			isa = PBXGroup;
			children = (
				F4F2A3621E5BCD54009C1167 /* Main.storyboard */,
				F4F2A3671E5BCD54009C1167 /* LaunchScreen.storyboard */,
				F4D7014A1E611ECC006C47AB /* Principal.storyboard */,
				F4D701521E6128DA006C47AB /* DrawerMenu.storyboard */,
				F48150C11E621AE200CEE75B /* Mensagens.storyboard */,
				F48150C51E62211A00CEE75B /* Agendamentos.storyboard */,
				F48150C71E62241B00CEE75B /* Produtos.storyboard */,
				F48150C91E62254300CEE75B /* Orcamentos.storyboard */,
				F48150CB1E62269100CEE75B /* Informacao.storyboard */,
				F48150CD1E62281800CEE75B /* Carrinho.storyboard */,
			);
			name = View;
			sourceTree = "<group>";
		};
		F4F2A3711E5BCDB5009C1167 /* Controller */ = {
			isa = PBXGroup;
			children = (
				F4F2A35C1E5BCD54009C1167 /* AppDelegate.swift */,
				F469444B1E5BD27400AA9F2E /* LoginController.swift */,
				F469444F1E5BED1B00AA9F2E /* CadastroController.swift */,
				F4D7014C1E611F97006C47AB /* PrincipalController.swift */,
				F4D701581E612D14006C47AB /* DrawerMenuController.swift */,
				F48150D11E62FF1B00CEE75B /* MensagensController.swift */,
			);
			name = Controller;
			sourceTree = "<group>";
		};
/* End PBXGroup section */

/* Begin PBXNativeTarget section */
		F4F2A3581E5BCD54009C1167 /* Beauty Clinic 2.0 */ = {
			isa = PBXNativeTarget;
			buildConfigurationList = F4F2A36D1E5BCD54009C1167 /* Build configuration list for PBXNativeTarget "Beauty Clinic 2.0" */;
			buildPhases = (
				F4F2A3551E5BCD54009C1167 /* Sources */,
				F4F2A3561E5BCD54009C1167 /* Frameworks */,
				F4F2A3571E5BCD54009C1167 /* Resources */,
			);
			buildRules = (
			);
			dependencies = (
			);
			name = "Beauty Clinic 2.0";
			productName = "Beauty Clinic 2.0";
			productReference = F4F2A3591E5BCD54009C1167 /* Beauty Clinic 2.0.app */;
			productType = "com.apple.product-type.application";
		};
/* End PBXNativeTarget section */

/* Begin PBXProject section */
		F4F2A3511E5BCD54009C1167 /* Project object */ = {
			isa = PBXProject;
			attributes = {
				LastSwiftUpdateCheck = 0820;
				LastUpgradeCheck = 0820;
				ORGANIZATIONNAME = "Cordova labs";
				TargetAttributes = {
					F4F2A3581E5BCD54009C1167 = {
						CreatedOnToolsVersion = 8.2.1;
						DevelopmentTeam = T4H78CRT5T;
						ProvisioningStyle = Automatic;
					};
				};
			};
			buildConfigurationList = F4F2A3541E5BCD54009C1167 /* Build configuration list for PBXProject "Beauty Clinic 2.0" */;
			compatibilityVersion = "Xcode 3.2";
			developmentRegion = English;
			hasScannedForEncodings = 0;
			knownRegions = (
				en,
				Base,
			);
			mainGroup = F4F2A3501E5BCD54009C1167;
			productRefGroup = F4F2A35A1E5BCD54009C1167 /* Products */;
			projectDirPath = "";
			projectRoot = "";
			targets = (
				F4F2A3581E5BCD54009C1167 /* Beauty Clinic 2.0 */,
			);
		};
/* End PBXProject section */

/* Begin PBXResourcesBuildPhase section */
		F4F2A3571E5BCD54009C1167 /* Resources */ = {
			isa = PBXResourcesBuildPhase;
			buildActionMask = 2147483647;
			files = (
				F4FC549E1E61B28A00E1ED42 /* ic_message.imageset in Resources */,
				F49B475D1E61C0D400D207AE /* Image.xcassets in Resources */,
				F48150C61E62211A00CEE75B /* Agendamentos.storyboard in Resources */,
				F4F2A3691E5BCD54009C1167 /* LaunchScreen.storyboard in Resources */,
				F4D701511E6126A6006C47AB /* ic_menu.imageset in Resources */,
				F48150C41E621FBF00CEE75B /* ic_keyboard_arrow_left.imageset in Resources */,
				F48150DB1E63042E00CEE75B /* MensagemCellTableViewCell.xib in Resources */,
				F4D701571E6129DF006C47AB /* ic_close.imageset in Resources */,
				F48150CA1E62254300CEE75B /* Orcamentos.storyboard in Resources */,
				F48150CE1E62281800CEE75B /* Carrinho.storyboard in Resources */,
				F4D7014B1E611ECC006C47AB /* Principal.storyboard in Resources */,
				F4F2A3641E5BCD54009C1167 /* Main.storyboard in Resources */,
				F48150D01E62F85A00CEE75B /* ic_keyboard_arrow_down.imageset in Resources */,
				F48150CC1E62269100CEE75B /* Informacao.storyboard in Resources */,
				F4FC54A11E61BF8000E1ED42 /* ic_info_outline.imageset in Resources */,
				F48150C21E621AE200CEE75B /* Mensagens.storyboard in Resources */,
				F4D7014F1E6123C0006C47AB /* ic_shopping_cart.imageset in Resources */,
				F4D701531E6128DA006C47AB /* DrawerMenu.storyboard in Resources */,
				F48150C81E62241B00CEE75B /* Produtos.storyboard in Resources */,
				F4B4593F1E5FCB130059C247 /* ic_check_circle.imageset in Resources */,
			);
			runOnlyForDeploymentPostprocessing = 0;
		};
/* End PBXResourcesBuildPhase section */

/* Begin PBXSourcesBuildPhase section */
		F4F2A3551E5BCD54009C1167 /* Sources */ = {
			isa = PBXSourcesBuildPhase;
			buildActionMask = 2147483647;
			files = (
				F4D701591E612D14006C47AB /* DrawerMenuController.swift in Sources */,
				F46944581E5D2F0400AA9F2E /* Usuario.swift in Sources */,
				F469444C1E5BD27400AA9F2E /* LoginController.swift in Sources */,
				F48150D21E62FF1B00CEE75B /* MensagensController.swift in Sources */,
				F4D7014D1E611F97006C47AB /* PrincipalController.swift in Sources */,
				F4F2A35D1E5BCD54009C1167 /* AppDelegate.swift in Sources */,
				F4D701491E6116E7006C47AB /* LoginService.swift in Sources */,
				F46944551E5D2BC900AA9F2E /* ServiceConfig.swift in Sources */,
				F46944531E5D283200AA9F2E /* UsuarioService.swift in Sources */,
				F48150D41E62FF5B00CEE75B /* MensagensService.swift in Sources */,
				F48150DA1E63042E00CEE75B /* MensagemCellTableViewCell.swift in Sources */,
				F46944501E5BED1B00AA9F2E /* CadastroController.swift in Sources */,
				F48150DD1E6314AB00CEE75B /* Mensagem.swift in Sources */,
			);
			runOnlyForDeploymentPostprocessing = 0;
		};
/* End PBXSourcesBuildPhase section */

/* Begin PBXVariantGroup section */
		F4F2A3621E5BCD54009C1167 /* Main.storyboard */ = {
			isa = PBXVariantGroup;
			children = (
				F4F2A3631E5BCD54009C1167 /* Base */,
			);
			name = Main.storyboard;
			sourceTree = "<group>";
		};
		F4F2A3671E5BCD54009C1167 /* LaunchScreen.storyboard */ = {
			isa = PBXVariantGroup;
			children = (
				F4F2A3681E5BCD54009C1167 /* Base */,
			);
			name = LaunchScreen.storyboard;
			sourceTree = "<group>";
		};
/* End PBXVariantGroup section */

/* Begin XCBuildConfiguration section */
		F4F2A36B1E5BCD54009C1167 /* Debug */ = {
			isa = XCBuildConfiguration;
			buildSettings = {
				ALWAYS_SEARCH_USER_PATHS = NO;
				CLANG_ANALYZER_NONNULL = YES;
				CLANG_CXX_LANGUAGE_STANDARD = "gnu++0x";
				CLANG_CXX_LIBRARY = "libc++";
				CLANG_ENABLE_MODULES = YES;
				CLANG_ENABLE_OBJC_ARC = YES;
				CLANG_WARN_BOOL_CONVERSION = YES;
				CLANG_WARN_CONSTANT_CONVERSION = YES;
				CLANG_WARN_DIRECT_OBJC_ISA_USAGE = YES_ERROR;
				CLANG_WARN_DOCUMENTATION_COMMENTS = YES;
				CLANG_WARN_EMPTY_BODY = YES;
				CLANG_WARN_ENUM_CONVERSION = YES;
				CLANG_WARN_INFINITE_RECURSION = YES;
				CLANG_WARN_INT_CONVERSION = YES;
				CLANG_WARN_OBJC_ROOT_CLASS = YES_ERROR;
				CLANG_WARN_SUSPICIOUS_MOVE = YES;
				CLANG_WARN_UNREACHABLE_CODE = YES;
				CLANG_WARN__DUPLICATE_METHOD_MATCH = YES;
				"CODE_SIGN_IDENTITY[sdk=iphoneos*]" = "iPhone Developer";
				COPY_PHASE_STRIP = NO;
				DEBUG_INFORMATION_FORMAT = dwarf;
				ENABLE_STRICT_OBJC_MSGSEND = YES;
				ENABLE_TESTABILITY = YES;
				GCC_C_LANGUAGE_STANDARD = gnu99;
				GCC_DYNAMIC_NO_PIC = NO;
				GCC_NO_COMMON_BLOCKS = YES;
				GCC_OPTIMIZATION_LEVEL = 0;
				GCC_PREPROCESSOR_DEFINITIONS = (
					"DEBUG=1",
					"$(inherited)",
				);
				GCC_WARN_64_TO_32_BIT_CONVERSION = YES;
				GCC_WARN_ABOUT_RETURN_TYPE = YES_ERROR;
				GCC_WARN_UNDECLARED_SELECTOR = YES;
				GCC_WARN_UNINITIALIZED_AUTOS = YES_AGGRESSIVE;
				GCC_WARN_UNUSED_FUNCTION = YES;
				GCC_WARN_UNUSED_VARIABLE = YES;
				IPHONEOS_DEPLOYMENT_TARGET = 10.2;
				MTL_ENABLE_DEBUG_INFO = YES;
				ONLY_ACTIVE_ARCH = YES;
				SDKROOT = iphoneos;
				SWIFT_ACTIVE_COMPILATION_CONDITIONS = DEBUG;
				SWIFT_OPTIMIZATION_LEVEL = "-Onone";
			};
			name = Debug;
		};
		F4F2A36C1E5BCD54009C1167 /* Release */ = {
			isa = XCBuildConfiguration;
			buildSettings = {
				ALWAYS_SEARCH_USER_PATHS = NO;
				CLANG_ANALYZER_NONNULL = YES;
				CLANG_CXX_LANGUAGE_STANDARD = "gnu++0x";
				CLANG_CXX_LIBRARY = "libc++";
				CLANG_ENABLE_MODULES = YES;
				CLANG_ENABLE_OBJC_ARC = YES;
				CLANG_WARN_BOOL_CONVERSION = YES;
				CLANG_WARN_CONSTANT_CONVERSION = YES;
				CLANG_WARN_DIRECT_OBJC_ISA_USAGE = YES_ERROR;
				CLANG_WARN_DOCUMENTATION_COMMENTS = YES;
				CLANG_WARN_EMPTY_BODY = YES;
				CLANG_WARN_ENUM_CONVERSION = YES;
				CLANG_WARN_INFINITE_RECURSION = YES;
				CLANG_WARN_INT_CONVERSION = YES;
				CLANG_WARN_OBJC_ROOT_CLASS = YES_ERROR;
				CLANG_WARN_SUSPICIOUS_MOVE = YES;
				CLANG_WARN_UNREACHABLE_CODE = YES;
				CLANG_WARN__DUPLICATE_METHOD_MATCH = YES;
				"CODE_SIGN_IDENTITY[sdk=iphoneos*]" = "iPhone Developer";
				COPY_PHASE_STRIP = NO;
				DEBUG_INFORMATION_FORMAT = "dwarf-with-dsym";
				ENABLE_NS_ASSERTIONS = NO;
				ENABLE_STRICT_OBJC_MSGSEND = YES;
				GCC_C_LANGUAGE_STANDARD = gnu99;
				GCC_NO_COMMON_BLOCKS = YES;
				GCC_WARN_64_TO_32_BIT_CONVERSION = YES;
				GCC_WARN_ABOUT_RETURN_TYPE = YES_ERROR;
				GCC_WARN_UNDECLARED_SELECTOR = YES;
				GCC_WARN_UNINITIALIZED_AUTOS = YES_AGGRESSIVE;
				GCC_WARN_UNUSED_FUNCTION = YES;
				GCC_WARN_UNUSED_VARIABLE = YES;
				IPHONEOS_DEPLOYMENT_TARGET = 10.2;
				MTL_ENABLE_DEBUG_INFO = NO;
				SDKROOT = iphoneos;
				SWIFT_OPTIMIZATION_LEVEL = "-Owholemodule";
				VALIDATE_PRODUCT = YES;
			};
			name = Release;
		};
		F4F2A36E1E5BCD54009C1167 /* Debug */ = {
			isa = XCBuildConfiguration;
			buildSettings = {
				ASSETCATALOG_COMPILER_APPICON_NAME = AppIcon;
				ASSETCATALOG_COMPILER_LAUNCHIMAGE_NAME = LaunchImage;
				DEVELOPMENT_TEAM = T4H78CRT5T;
				INFOPLIST_FILE = "Beauty Clinic 2.0/Info.plist";
				IPHONEOS_DEPLOYMENT_TARGET = 9.0;
				LD_RUNPATH_SEARCH_PATHS = "$(inherited) @executable_path/Frameworks";
				PRODUCT_BUNDLE_IDENTIFIER = br.com.cordovalabs.beautyclinic;
				PRODUCT_NAME = "$(TARGET_NAME)";
				SWIFT_VERSION = 3.0;
			};
			name = Debug;
		};
		F4F2A36F1E5BCD54009C1167 /* Release */ = {
			isa = XCBuildConfiguration;
			buildSettings = {
				ASSETCATALOG_COMPILER_APPICON_NAME = AppIcon;
				ASSETCATALOG_COMPILER_LAUNCHIMAGE_NAME = LaunchImage;
				DEVELOPMENT_TEAM = T4H78CRT5T;
				INFOPLIST_FILE = "Beauty Clinic 2.0/Info.plist";
				IPHONEOS_DEPLOYMENT_TARGET = 9.0;
				LD_RUNPATH_SEARCH_PATHS = "$(inherited) @executable_path/Frameworks";
				PRODUCT_BUNDLE_IDENTIFIER = br.com.cordovalabs.beautyclinic;
				PRODUCT_NAME = "$(TARGET_NAME)";
				SWIFT_VERSION = 3.0;
			};
			name = Release;
		};
/* End XCBuildConfiguration section */

/* Begin XCConfigurationList section */
		F4F2A3541E5BCD54009C1167 /* Build configuration list for PBXProject "Beauty Clinic 2.0" */ = {
			isa = XCConfigurationList;
			buildConfigurations = (
				F4F2A36B1E5BCD54009C1167 /* Debug */,
				F4F2A36C1E5BCD54009C1167 /* Release */,
			);
			defaultConfigurationIsVisible = 0;
			defaultConfigurationName = Release;
		};
		F4F2A36D1E5BCD54009C1167 /* Build configuration list for PBXNativeTarget "Beauty Clinic 2.0" */ = {
			isa = XCConfigurationList;
			buildConfigurations = (
				F4F2A36E1E5BCD54009C1167 /* Debug */,
				F4F2A36F1E5BCD54009C1167 /* Release */,
			);
			defaultConfigurationIsVisible = 0;
			defaultConfigurationName = Release;
		};
/* End XCConfigurationList section */
	};
	rootObject = F4F2A3511E5BCD54009C1167 /* Project object */;
}
